
Microsoft Visual Studio Solution File, Format Version 12.00
# Visual Studio Version 16
VisualStudioVersion = 16.0.31624.102
MinimumVisualStudioVersion = 10.0.40219.1
Project("{FAE04EC0-301F-11D3-BF4B-00C04F79EFBC}") = "AdvisoryLawyer.API", "AdvisoryLawyer.API\AdvisoryLawyer.API.csproj", "{CAFA31D7-7AD1-4A9D-A953-7FD34F0C39AD}"
EndProject
Project("{FAE04EC0-301F-11D3-BF4B-00C04F79EFBC}") = "AdvisoryLawyer.Data", "AdvisoryLawyer.Data\AdvisoryLawyer.Data.csproj", "{6908C2CF-3A44-45D9-BC52-D7914CF36F09}"
EndProject
Project("{FAE04EC0-301F-11D3-BF4B-00C04F79EFBC}") = "AdvisoryLawyer.Business", "AdvisoryLawyer.Business\AdvisoryLawyer.Business.csproj", "{F625DC1F-A376-40B5-9549-320340B4B27D}"
EndProject
Global
	GlobalSection(SolutionConfigurationPlatforms) = preSolution
		Debug|Any CPU = Debug|Any CPU
		Release|Any CPU = Release|Any CPU
	EndGlobalSection
	GlobalSection(ProjectConfigurationPlatforms) = postSolution
		{CAFA31D7-7AD1-4A9D-A953-7FD34F0C39AD}.Debug|Any CPU.ActiveCfg = Debug|Any CPU
		{CAFA31D7-7AD1-4A9D-A953-7FD34F0C39AD}.Debug|Any CPU.Build.0 = Debug|Any CPU
		{CAFA31D7-7AD1-4A9D-A953-7FD34F0C39AD}.Release|Any CPU.ActiveCfg = Release|Any CPU
		{CAFA31D7-7AD1-4A9D-A953-7FD34F0C39AD}.Release|Any CPU.Build.0 = Release|Any CPU
		{6908C2CF-3A44-45D9-BC52-D7914CF36F09}.Debug|Any CPU.ActiveCfg = Debug|Any CPU
		{6908C2CF-3A44-45D9-BC52-D7914CF36F09}.Debug|Any CPU.Build.0 = Debug|Any CPU
		{6908C2CF-3A44-45D9-BC52-D7914CF36F09}.Release|Any CPU.ActiveCfg = Release|Any CPU
		{6908C2CF-3A44-45D9-BC52-D7914CF36F09}.Release|Any CPU.Build.0 = Release|Any CPU
		{F625DC1F-A376-40B5-9549-320340B4B27D}.Debug|Any CPU.ActiveCfg = Debug|Any CPU
		{F625DC1F-A376-40B5-9549-320340B4B27D}.Debug|Any CPU.Build.0 = Debug|Any CPU
		{F625DC1F-A376-40B5-9549-320340B4B27D}.Release|Any CPU.ActiveCfg = Release|Any CPU
		{F625DC1F-A376-40B5-9549-320340B4B27D}.Release|Any CPU.Build.0 = Release|Any CPU
	EndGlobalSection
	GlobalSection(SolutionProperties) = preSolution
		HideSolutionNode = FALSE
	EndGlobalSection
	GlobalSection(ExtensibilityGlobals) = postSolution
		SolutionGuid = {BF7CC124-BD12-45FF-B75F-02181564D677}
	EndGlobalSection
EndGlobal
